
Microsoft Visual Studio Solution File, Format Version 12.00
# Visual Studio Version 17
VisualStudioVersion = 17.2.32526.322
MinimumVisualStudioVersion = 10.0.40219.1
Project("{9A19103F-16F7-4668-BE54-9A1E7A4F7556}") = "Electricity_Supplier.API", "Electricity_Supplier.API\Electricity_Supplier.API.csproj", "{F4F3D50F-4E77-4803-B884-A3A9A59A3491}"
EndProject
Project("{9A19103F-16F7-4668-BE54-9A1E7A4F7556}") = "Electricity_Supplier.Business", "Business\Electricity_Supplier.Business.csproj", "{8792B10A-95CF-4B43-B0D9-60F3E6BBCD1C}"
EndProject
Project("{9A19103F-16F7-4668-BE54-9A1E7A4F7556}") = "Electricity_Supplier.DataAccess", "Repository\Electricity_Supplier.DataAccess.csproj", "{AAF1730D-BB76-45A0-A57F-5192ACEDEB74}"
EndProject
Global
	GlobalSection(SolutionConfigurationPlatforms) = preSolution
		Debug|Any CPU = Debug|Any CPU
		Release|Any CPU = Release|Any CPU
	EndGlobalSection
	GlobalSection(ProjectConfigurationPlatforms) = postSolution
		{F4F3D50F-4E77-4803-B884-A3A9A59A3491}.Debug|Any CPU.ActiveCfg = Debug|Any CPU
		{F4F3D50F-4E77-4803-B884-A3A9A59A3491}.Debug|Any CPU.Build.0 = Debug|Any CPU
		{F4F3D50F-4E77-4803-B884-A3A9A59A3491}.Release|Any CPU.ActiveCfg = Release|Any CPU
		{F4F3D50F-4E77-4803-B884-A3A9A59A3491}.Release|Any CPU.Build.0 = Release|Any CPU
		{8792B10A-95CF-4B43-B0D9-60F3E6BBCD1C}.Debug|Any CPU.ActiveCfg = Debug|Any CPU
		{8792B10A-95CF-4B43-B0D9-60F3E6BBCD1C}.Debug|Any CPU.Build.0 = Debug|Any CPU
		{8792B10A-95CF-4B43-B0D9-60F3E6BBCD1C}.Release|Any CPU.ActiveCfg = Release|Any CPU
		{8792B10A-95CF-4B43-B0D9-60F3E6BBCD1C}.Release|Any CPU.Build.0 = Release|Any CPU
		{AAF1730D-BB76-45A0-A57F-5192ACEDEB74}.Debug|Any CPU.ActiveCfg = Debug|Any CPU
		{AAF1730D-BB76-45A0-A57F-5192ACEDEB74}.Debug|Any CPU.Build.0 = Debug|Any CPU
		{AAF1730D-BB76-45A0-A57F-5192ACEDEB74}.Release|Any CPU.ActiveCfg = Release|Any CPU
		{AAF1730D-BB76-45A0-A57F-5192ACEDEB74}.Release|Any CPU.Build.0 = Release|Any CPU
	EndGlobalSection
	GlobalSection(SolutionProperties) = preSolution
		HideSolutionNode = FALSE
	EndGlobalSection
	GlobalSection(ExtensibilityGlobals) = postSolution
		SolutionGuid = {8ECDB7D2-74A6-41D7-9FBB-DEB2218B2923}
	EndGlobalSection
EndGlobal
